
Microsoft Visual Studio Solution File, Format Version 12.00
# Visual Studio Version 17
VisualStudioVersion = 17.10.34902.84
MinimumVisualStudioVersion = 10.0.40219.1
Project("{9A19103F-16F7-4668-BE54-9A1E7A4F7556}") = "AutomationDemo", "AutomationDemo\AutomationDemo.csproj", "{BF449838-0A14-4C28-BBF2-84C72191CAC9}"
EndProject
Project("{9A19103F-16F7-4668-BE54-9A1E7A4F7556}") = "core", "core\core.csproj", "{BA27BDA9-34F1-47D0-A9C2-5E5C8798FA53}"
EndProject
Project("{9A19103F-16F7-4668-BE54-9A1E7A4F7556}") = "WindowsPracticing", "WindowsPracticing\WindowsPracticing.csproj", "{A733F218-D25D-4D0B-A012-DDC45717206C}"
EndProject
Project("{9A19103F-16F7-4668-BE54-9A1E7A4F7556}") = "APICore", "APICore\APICore.csproj", "{6A40925E-DA8F-4C4B-BAC2-0E2078292FEF}"
EndProject
Project("{9A19103F-16F7-4668-BE54-9A1E7A4F7556}") = "APITestcases", "APITestcases\APITestcases.csproj", "{0E363945-044C-4F99-A2F6-BB00782D8CC4}"
EndProject
Project("{FAE04EC0-301F-11D3-BF4B-00C04F79EFBC}") = "Excersize1", "Excersize1\Excersize1.csproj", "{59B6EE76-C2B7-4274-A63D-88A8879DC4C1}"
EndProject
Global
	GlobalSection(SolutionConfigurationPlatforms) = preSolution
		Debug|Any CPU = Debug|Any CPU
		Release|Any CPU = Release|Any CPU
	EndGlobalSection
	GlobalSection(ProjectConfigurationPlatforms) = postSolution
		{BF449838-0A14-4C28-BBF2-84C72191CAC9}.Debug|Any CPU.ActiveCfg = Debug|Any CPU
		{BF449838-0A14-4C28-BBF2-84C72191CAC9}.Debug|Any CPU.Build.0 = Debug|Any CPU
		{BF449838-0A14-4C28-BBF2-84C72191CAC9}.Release|Any CPU.ActiveCfg = Release|Any CPU
		{BF449838-0A14-4C28-BBF2-84C72191CAC9}.Release|Any CPU.Build.0 = Release|Any CPU
		{BA27BDA9-34F1-47D0-A9C2-5E5C8798FA53}.Debug|Any CPU.ActiveCfg = Debug|Any CPU
		{BA27BDA9-34F1-47D0-A9C2-5E5C8798FA53}.Debug|Any CPU.Build.0 = Debug|Any CPU
		{BA27BDA9-34F1-47D0-A9C2-5E5C8798FA53}.Release|Any CPU.ActiveCfg = Release|Any CPU
		{BA27BDA9-34F1-47D0-A9C2-5E5C8798FA53}.Release|Any CPU.Build.0 = Release|Any CPU
		{A733F218-D25D-4D0B-A012-DDC45717206C}.Debug|Any CPU.ActiveCfg = Debug|Any CPU
		{A733F218-D25D-4D0B-A012-DDC45717206C}.Debug|Any CPU.Build.0 = Debug|Any CPU
		{A733F218-D25D-4D0B-A012-DDC45717206C}.Release|Any CPU.ActiveCfg = Release|Any CPU
		{A733F218-D25D-4D0B-A012-DDC45717206C}.Release|Any CPU.Build.0 = Release|Any CPU
		{6A40925E-DA8F-4C4B-BAC2-0E2078292FEF}.Debug|Any CPU.ActiveCfg = Debug|Any CPU
		{6A40925E-DA8F-4C4B-BAC2-0E2078292FEF}.Debug|Any CPU.Build.0 = Debug|Any CPU
		{6A40925E-DA8F-4C4B-BAC2-0E2078292FEF}.Release|Any CPU.ActiveCfg = Release|Any CPU
		{6A40925E-DA8F-4C4B-BAC2-0E2078292FEF}.Release|Any CPU.Build.0 = Release|Any CPU
		{0E363945-044C-4F99-A2F6-BB00782D8CC4}.Debug|Any CPU.ActiveCfg = Debug|Any CPU
		{0E363945-044C-4F99-A2F6-BB00782D8CC4}.Debug|Any CPU.Build.0 = Debug|Any CPU
		{0E363945-044C-4F99-A2F6-BB00782D8CC4}.Release|Any CPU.ActiveCfg = Release|Any CPU
		{0E363945-044C-4F99-A2F6-BB00782D8CC4}.Release|Any CPU.Build.0 = Release|Any CPU
		{59B6EE76-C2B7-4274-A63D-88A8879DC4C1}.Debug|Any CPU.ActiveCfg = Debug|Any CPU
		{59B6EE76-C2B7-4274-A63D-88A8879DC4C1}.Debug|Any CPU.Build.0 = Debug|Any CPU
		{59B6EE76-C2B7-4274-A63D-88A8879DC4C1}.Release|Any CPU.ActiveCfg = Release|Any CPU
		{59B6EE76-C2B7-4274-A63D-88A8879DC4C1}.Release|Any CPU.Build.0 = Release|Any CPU
	EndGlobalSection
	GlobalSection(SolutionProperties) = preSolution
		HideSolutionNode = FALSE
	EndGlobalSection
	GlobalSection(ExtensibilityGlobals) = postSolution
		SolutionGuid = {5B688C6D-69EC-4667-8451-F98FF95A42EB}
	EndGlobalSection
EndGlobal
